{
  "requires": true,
  "lockfileVersion": 1,
  "dependencies": {
    "pdfjs-dist": {
      "version": "2.12.313",
      "resolved": "https://registry.npmjs.org/pdfjs-dist/-/pdfjs-dist-2.12.313.tgz",
      "integrity": "sha512-1x6iXO4Qnv6Eb+YFdN5JdUzt4pAkxSp3aLAYPX93eQCyg/m7QFzXVWJHJVtoW48CI8HCXju4dSkhQZwoheL5mA=="
    },
    "stopwords-en": {
      "version": "0.3.0",
      "resolved": "https://registry.npmjs.org/stopwords-en/-/stopwords-en-0.3.0.tgz",
      "integrity": "sha1-7x/70y4Dzy+cvyJq3LgOJ+w/4P8="
    }
  }
}
