{
  "requires": true,
  "lockfileVersion": 1,
  "dependencies": {
    "afinn-165": {
      "version": "1.0.4",
      "resolved": "https://registry.npmjs.org/afinn-165/-/afinn-165-1.0.4.tgz",
      "integrity": "sha512-7+Wlx3BImrK0HiG6y3lU4xX7SpBPSSu8T9iguPMlaueRFxjbYwAQrp9lqZUuFikqKbd/en8lVREILvP2J80uJA=="
    },
    "apparatus": {
      "version": "0.0.10",
      "resolved": "https://registry.npmjs.org/apparatus/-/apparatus-0.0.10.tgz",
      "integrity": "sha512-KLy/ugo33KZA7nugtQ7O0E1c8kQ52N3IvD/XgIh4w/Nr28ypfkwDfA67F1ev4N1m5D+BOk1+b2dEJDfpj/VvZg==",
      "requires": {
        "sylvester": ">= 0.0.8"
      }
    },
    "natural": {
      "version": "5.1.13",
      "resolved": "https://registry.npmjs.org/natural/-/natural-5.1.13.tgz",
      "integrity": "sha512-fbV7Jvr8X0S+Yb/iggoGxTBRMSbTxN1m2sgBspNI5dSnE6x3lN2P48O1ddyoiTtMC2q4OKDkHJAGuNRs9jM9WA==",
      "requires": {
        "afinn-165": "^1.0.2",
        "apparatus": "^0.0.10",
        "safe-stable-stringify": "^2.2.0",
        "sylvester": "^0.0.12",
        "underscore": "^1.9.1",
        "wordnet-db": "^3.1.11"
      }
    },
    "pdfjs-dist": {
      "version": "2.12.313",
      "resolved": "https://registry.npmjs.org/pdfjs-dist/-/pdfjs-dist-2.12.313.tgz",
      "integrity": "sha512-1x6iXO4Qnv6Eb+YFdN5JdUzt4pAkxSp3aLAYPX93eQCyg/m7QFzXVWJHJVtoW48CI8HCXju4dSkhQZwoheL5mA=="
    },
    "safe-stable-stringify": {
      "version": "2.3.1",
      "resolved": "https://registry.npmjs.org/safe-stable-stringify/-/safe-stable-stringify-2.3.1.tgz",
      "integrity": "sha512-kYBSfT+troD9cDA85VDnHZ1rpHC50O0g1e6WlGHVCz/g+JS+9WKLj+XwFYyR8UbrZN8ll9HUpDAAddY58MGisg=="
    },
    "stopwords-en": {
      "version": "0.3.0",
      "resolved": "https://registry.npmjs.org/stopwords-en/-/stopwords-en-0.3.0.tgz",
      "integrity": "sha1-7x/70y4Dzy+cvyJq3LgOJ+w/4P8="
    },
    "sylvester": {
      "version": "0.0.12",
      "resolved": "https://registry.npmjs.org/sylvester/-/sylvester-0.0.12.tgz",
      "integrity": "sha1-WohEFc0tACxX56OqyZRip1zp/bQ="
    },
    "underscore": {
      "version": "1.13.2",
      "resolved": "https://registry.npmjs.org/underscore/-/underscore-1.13.2.tgz",
      "integrity": "sha512-ekY1NhRzq0B08g4bGuX4wd2jZx5GnKz6mKSqFL4nqBlfyMGiG10gDFhDTMEfYmDL6Jy0FUIZp7wiRB+0BP7J2g=="
    },
    "wordnet-db": {
      "version": "3.1.14",
      "resolved": "https://registry.npmjs.org/wordnet-db/-/wordnet-db-3.1.14.tgz",
      "integrity": "sha512-zVyFsvE+mq9MCmwXUWHIcpfbrHHClZWZiVOzKSxNJruIcFn2RbY55zkhiAMMxM8zCVSmtNiViq8FsAZSFpMYag=="
    }
  }
}
